{
	"archiveVersion" = "1";
	"classes" =
		{
		};
	"objectVersion" = "46";
	"objects" =
		{
			"100000000000000000000002" =
				{
					"isa" = "PBXGroup";
					"children" =
						("4F1A4F5919E44E90941C7BAD", "C1570E4313484AF2AD923D5C");
					"sourceTree" = "<group>";
				};
			"100000000000000000000006" =
				{
					"isa" = "PBXNativeTarget";
					"buildPhases" =
						("100000000000000000000007");
					"buildRules" =
						();
					"dependencies" =
						();
					"name" = "test";
					"productName" = "test";
					"productType" = "com.apple.product-type.application";
				};
			"100000000000000000000001" =
				{
					"isa" = "PBXProject";
					"attributes" =
						{
							"LastUpgradeCheck" = "0620";
						};
					"buildConfigurationList" = "100000000000000000000003";
					"compatibilityVersion" = "Xcode 3.2";
					"developmentRegion" = "English";
					"hasScannedForEncodings" = "0";
					"knownRegions" =
						("en");
					"mainGroup" = "100000000000000000000002";
					"projectDirPath" = "";
					"projectRoot" = "";
					"targets" =
						("100000000000000000000006");
				};
			"100000000000000000000007" =
				{
					"isa" = "PBXSourcesBuildPhase";
					"buildActionMask" = "2147483647";
					"files" =
						();
					"runOnlyForDeploymentPostprocessing" = "0";
				};
			"100000000000000000000004" =
				{
					"isa" = "XCBuildConfiguration";
					"buildSettings" =
						{
							"INFOPLIST_FILE" = "/Users/eugeneshevchenko/Documents/Programming/Java/GameDev/LibGDX/myProj/singularis/ios/Info.plist.xml";
							"SDKROOT" = "iphoneos";
							"TARGETED_DEVICE_FAMILY" = "1,2";
							"GCC_PRECOMPILE_PREFIX_HEADER" = "YES";
							"GCC_PREFIX_HEADER" = "/Users/eugeneshevchenko/Documents/Programming/Java/GameDev/LibGDX/myProj/singularis/ios/robovm-build/xcode/.ib/Prefix.pch";
						};
					"name" = "Debug";
				};
			"100000000000000000000005" =
				{
					"isa" = "XCBuildConfiguration";
					"buildSettings" =
						{
							"INFOPLIST_FILE" = "/Users/eugeneshevchenko/Documents/Programming/Java/GameDev/LibGDX/myProj/singularis/ios/Info.plist.xml";
							"SDKROOT" = "iphoneos";
							"TARGETED_DEVICE_FAMILY" = "1,2";
							"GCC_PRECOMPILE_PREFIX_HEADER" = "YES";
							"GCC_PREFIX_HEADER" = "/Users/eugeneshevchenko/Documents/Programming/Java/GameDev/LibGDX/myProj/singularis/ios/robovm-build/xcode/.ib/Prefix.pch";
						};
					"name" = "Release";
				};
			"100000000000000000000003" =
				{
					"isa" = "XCConfigurationList";
					"buildConfigurations" =
						("100000000000000000000004", "100000000000000000000005");
					"defaultConfigurationIsVisible" = "0";
					"defaultConfigurationName" = "Release";
				};
			"D0661ABC43C84B30992EBFF2" =
				{
					"isa" = "PBXFileReference";
					"name" = "Info.plist";
					"explicitFileType" = "text.plist.info";
					"sourceTree" = "<group>";
					"path" = "Info.plist.xml";
				};
			"C1570E4313484AF2AD923D5C" =
				{
					"isa" = "PBXGroup";
					"children" =
						("D0661ABC43C84B30992EBFF2");
					"name" = "Supporting Files";
					"sourceTree" = "<absolute>";
					"path" = "/Users/eugeneshevchenko/Documents/Programming/Java/GameDev/LibGDX/myProj/singularis/ios";
				};
			"5B743DD8F0D74219BF28A0FF" =
				{
					"isa" = "PBXFileReference";
					"name" = "Default-375w-667h@2x.png";
					"lastKnownFileType" = "image.png";
					"sourceTree" = "<group>";
					"path" = "Default-375w-667h@2x.png";
				};
			"4F1A4F5919E44E90941C7BAD" =
				{
					"isa" = "PBXGroup";
					"children" =
						("7B0FC094D86142E9BB7820E7", "DC4D08BDFE42459E80AA5754", "5B743DD8F0D74219BF28A0FF",
 "D52A2ED0A94348A4B46617FD", "21B60BABC3084CBFBE297F50", "1292BD55759C41599E5828B7",
 "9F3161BA1A5647B3A1ABCCDB", "3654F1523967489DB646FE22", "3228FF21F6284647B2A71C78",
 "94137E7E58D747BD942C0CEF", "43D1A0A09BA748FAA3DE542C", "802EDCC941314F27B4063397",
 "918F25839C6F47408EEC023A");
					"name" = "Resources";
					"sourceTree" = "<absolute>";
					"path" = "/Users/eugeneshevchenko/Documents/Programming/Java/GameDev/LibGDX/myProj/singularis/ios/../android/assets";
				};
			"D52A2ED0A94348A4B46617FD" =
				{
					"isa" = "PBXFileReference";
					"name" = "Default-414w-736h@3x.png";
					"lastKnownFileType" = "image.png";
					"sourceTree" = "<group>";
					"path" = "Default-414w-736h@3x.png";
				};
			"21B60BABC3084CBFBE297F50" =
				{
					"isa" = "PBXFileReference";
					"name" = "Default-568h@2x.png";
					"lastKnownFileType" = "image.png";
					"sourceTree" = "<group>";
					"path" = "Default-568h@2x.png";
				};
			"1292BD55759C41599E5828B7" =
				{
					"isa" = "PBXFileReference";
					"name" = "Default.png";
					"lastKnownFileType" = "image.png";
					"sourceTree" = "<group>";
					"path" = "Default.png";
				};
			"9F3161BA1A5647B3A1ABCCDB" =
				{
					"isa" = "PBXFileReference";
					"name" = "Default@2x.png";
					"lastKnownFileType" = "image.png";
					"sourceTree" = "<group>";
					"path" = "Default@2x.png";
				};
			"3654F1523967489DB646FE22" =
				{
					"isa" = "PBXFileReference";
					"name" = "Default@2x~ipad.png";
					"lastKnownFileType" = "image.png";
					"sourceTree" = "<group>";
					"path" = "Default@2x~ipad.png";
				};
			"3228FF21F6284647B2A71C78" =
				{
					"isa" = "PBXFileReference";
					"name" = "Default~ipad.png";
					"lastKnownFileType" = "image.png";
					"sourceTree" = "<group>";
					"path" = "Default~ipad.png";
				};
			"94137E7E58D747BD942C0CEF" =
				{
					"isa" = "PBXFileReference";
					"name" = "Icon-72.png";
					"lastKnownFileType" = "image.png";
					"sourceTree" = "<group>";
					"path" = "Icon-72.png";
				};
			"43D1A0A09BA748FAA3DE542C" =
				{
					"isa" = "PBXFileReference";
					"name" = "Icon-72@2x.png";
					"lastKnownFileType" = "image.png";
					"sourceTree" = "<group>";
					"path" = "Icon-72@2x.png";
				};
			"802EDCC941314F27B4063397" =
				{
					"isa" = "PBXFileReference";
					"name" = "Icon.png";
					"lastKnownFileType" = "image.png";
					"sourceTree" = "<group>";
					"path" = "Icon.png";
				};
			"918F25839C6F47408EEC023A" =
				{
					"isa" = "PBXFileReference";
					"name" = "Icon@2x.png";
					"lastKnownFileType" = "image.png";
					"sourceTree" = "<group>";
					"path" = "Icon@2x.png";
				};
			"E0955E3D808148D69CB63036" =
				{
					"isa" = "PBXFileReference";
					"name" = "singularis.png";
					"lastKnownFileType" = "image.png";
					"sourceTree" = "<group>";
					"path" = "singularis.png";
				};
			"7B0FC094D86142E9BB7820E7" =
				{
					"isa" = "PBXGroup";
					"children" =
						("071FB8FF56CD427898A51591");
					"name" = "gfx";
					"sourceTree" = "<group>";
					"path" = "gfx";
				};
			"071FB8FF56CD427898A51591" =
				{
					"isa" = "PBXGroup";
					"children" =
						("E0955E3D808148D69CB63036", "F0836520BC504E3F85B0082A", "D9FAED383F994CE79008609F"
);
					"name" = "hero";
					"sourceTree" = "<group>";
					"path" = "hero";
				};
			"F0836520BC504E3F85B0082A" =
				{
					"isa" = "PBXFileReference";
					"name" = "singularis2.png";
					"lastKnownFileType" = "image.png";
					"sourceTree" = "<group>";
					"path" = "singularis2.png";
				};
			"D9FAED383F994CE79008609F" =
				{
					"isa" = "PBXFileReference";
					"name" = "singularis3.png";
					"lastKnownFileType" = "image.png";
					"sourceTree" = "<group>";
					"path" = "singularis3.png";
				};
			"F4D04A97C3CE4727909455DB" =
				{
					"isa" = "PBXFileReference";
					"name" = "Idle_000.png";
					"lastKnownFileType" = "image.png";
					"sourceTree" = "<group>";
					"path" = "Idle_000.png";
				};
			"DC4D08BDFE42459E80AA5754" =
				{
					"isa" = "PBXGroup";
					"children" =
						("F4D04A97C3CE4727909455DB", "D74F4027C72A449680FB2834", "B490045810944548AAAF3762",
 "A09FD42BC89B494EBACB5ED8", "5781B87490214DFA8FA2EB2C", "A8FEDC827F5C46F08050B046",
 "E025506DE67B42D3BC17D083", "E09112C7782B4E6DB74AAD7E", "6450F5788B2C487B9AB7256E",
 "84F8BDF3FC9B4EED9DCD556C", "25BBEDB5ED964760A68EFB84", "8F8972FE43F948A98D4C174D"
);
					"name" = "in";
					"sourceTree" = "<group>";
					"path" = "in";
				};
			"D74F4027C72A449680FB2834" =
				{
					"isa" = "PBXFileReference";
					"name" = "Idle_001.png";
					"lastKnownFileType" = "image.png";
					"sourceTree" = "<group>";
					"path" = "Idle_001.png";
				};
			"B490045810944548AAAF3762" =
				{
					"isa" = "PBXFileReference";
					"name" = "Idle_002.png";
					"lastKnownFileType" = "image.png";
					"sourceTree" = "<group>";
					"path" = "Idle_002.png";
				};
			"A09FD42BC89B494EBACB5ED8" =
				{
					"isa" = "PBXFileReference";
					"name" = "Idle_003.png";
					"lastKnownFileType" = "image.png";
					"sourceTree" = "<group>";
					"path" = "Idle_003.png";
				};
			"5781B87490214DFA8FA2EB2C" =
				{
					"isa" = "PBXFileReference";
					"name" = "Idle_004.png";
					"lastKnownFileType" = "image.png";
					"sourceTree" = "<group>";
					"path" = "Idle_004.png";
				};
			"A8FEDC827F5C46F08050B046" =
				{
					"isa" = "PBXFileReference";
					"name" = "Idle_005.png";
					"lastKnownFileType" = "image.png";
					"sourceTree" = "<group>";
					"path" = "Idle_005.png";
				};
			"E025506DE67B42D3BC17D083" =
				{
					"isa" = "PBXFileReference";
					"name" = "Idle_006.png";
					"lastKnownFileType" = "image.png";
					"sourceTree" = "<group>";
					"path" = "Idle_006.png";
				};
			"E09112C7782B4E6DB74AAD7E" =
				{
					"isa" = "PBXFileReference";
					"name" = "Idle_007.png";
					"lastKnownFileType" = "image.png";
					"sourceTree" = "<group>";
					"path" = "Idle_007.png";
				};
			"6450F5788B2C487B9AB7256E" =
				{
					"isa" = "PBXFileReference";
					"name" = "Idle_008.png";
					"lastKnownFileType" = "image.png";
					"sourceTree" = "<group>";
					"path" = "Idle_008.png";
				};
			"84F8BDF3FC9B4EED9DCD556C" =
				{
					"isa" = "PBXFileReference";
					"name" = "Idle_009.png";
					"lastKnownFileType" = "image.png";
					"sourceTree" = "<group>";
					"path" = "Idle_009.png";
				};
			"25BBEDB5ED964760A68EFB84" =
				{
					"isa" = "PBXFileReference";
					"name" = "Idle_010.png";
					"lastKnownFileType" = "image.png";
					"sourceTree" = "<group>";
					"path" = "Idle_010.png";
				};
			"8F8972FE43F948A98D4C174D" =
				{
					"isa" = "PBXFileReference";
					"name" = "Idle_011.png";
					"lastKnownFileType" = "image.png";
					"sourceTree" = "<group>";
					"path" = "Idle_011.png";
				};
		};
	"rootObject" = "100000000000000000000001";
}
