{
	"archiveVersion" = "1";
	"classes" =
		{
		};
	"objectVersion" = "46";
	"objects" =
		{
			"100000000000000000000002" =
				{
					"isa" = "PBXGroup";
					"children" =
						("66A77AF4B4734C0F840F4496", "C1570E4313484AF2AD923D5C");
					"sourceTree" = "<group>";
				};
			"100000000000000000000006" =
				{
					"isa" = "PBXNativeTarget";
					"buildPhases" =
						("100000000000000000000007");
					"buildRules" =
						();
					"dependencies" =
						();
					"name" = "test";
					"productName" = "test";
					"productType" = "com.apple.product-type.application";
				};
			"100000000000000000000001" =
				{
					"isa" = "PBXProject";
					"attributes" =
						{
							"LastUpgradeCheck" = "0620";
						};
					"buildConfigurationList" = "100000000000000000000003";
					"compatibilityVersion" = "Xcode 3.2";
					"developmentRegion" = "English";
					"hasScannedForEncodings" = "0";
					"knownRegions" =
						("en");
					"mainGroup" = "100000000000000000000002";
					"projectDirPath" = "";
					"projectRoot" = "";
					"targets" =
						("100000000000000000000006");
				};
			"100000000000000000000007" =
				{
					"isa" = "PBXSourcesBuildPhase";
					"buildActionMask" = "2147483647";
					"files" =
						();
					"runOnlyForDeploymentPostprocessing" = "0";
				};
			"100000000000000000000004" =
				{
					"isa" = "XCBuildConfiguration";
					"buildSettings" =
						{
							"INFOPLIST_FILE" = "/Users/eugeneshevchenko/Documents/Programming/Java/GameDev/LibGDX/myProj/singularis/ios/Info.plist.xml";
							"SDKROOT" = "iphoneos";
							"TARGETED_DEVICE_FAMILY" = "1,2";
							"GCC_PRECOMPILE_PREFIX_HEADER" = "YES";
							"GCC_PREFIX_HEADER" = "/Users/eugeneshevchenko/Documents/Programming/Java/GameDev/LibGDX/myProj/singularis/ios/robovm-build/xcode/.ib/Prefix.pch";
						};
					"name" = "Debug";
				};
			"100000000000000000000005" =
				{
					"isa" = "XCBuildConfiguration";
					"buildSettings" =
						{
							"INFOPLIST_FILE" = "/Users/eugeneshevchenko/Documents/Programming/Java/GameDev/LibGDX/myProj/singularis/ios/Info.plist.xml";
							"SDKROOT" = "iphoneos";
							"TARGETED_DEVICE_FAMILY" = "1,2";
							"GCC_PRECOMPILE_PREFIX_HEADER" = "YES";
							"GCC_PREFIX_HEADER" = "/Users/eugeneshevchenko/Documents/Programming/Java/GameDev/LibGDX/myProj/singularis/ios/robovm-build/xcode/.ib/Prefix.pch";
						};
					"name" = "Release";
				};
			"100000000000000000000003" =
				{
					"isa" = "XCConfigurationList";
					"buildConfigurations" =
						("100000000000000000000004", "100000000000000000000005");
					"defaultConfigurationIsVisible" = "0";
					"defaultConfigurationName" = "Release";
				};
			"66A77AF4B4734C0F840F4496" =
				{
					"isa" = "PBXGroup";
					"children" =
						("B7A3A0DAD94B4125B9A5A4F2", "ED7D43451CAF4B1D8839A5BF", "586C5F8152DC488582C7AF1D",
 "ECCB5A20CFBA4A20BD0CC96A", "FBD6C5F575EA44E893DE443E", "D3AFDEA00EFE472AB6A4A009",
 "9C0ADEBCBCD44D4AB1469882", "A392C738F63D4D2D9E98515C", "9C3D23FC6979490CB92CB774",
 "5CEF6BAD002849529437D7D1", "BEE259CF89B2448C85A6BF89", "10AA65832B784652BC86A117"
);
					"name" = "Resources";
					"sourceTree" = "<absolute>";
					"path" = "/Users/eugeneshevchenko/Documents/Programming/Java/GameDev/LibGDX/myProj/singularis/ios/../android/assets";
				};
			"B7A3A0DAD94B4125B9A5A4F2" =
				{
					"isa" = "PBXFileReference";
					"name" = "badlogic.jpg";
					"lastKnownFileType" = "image.jpeg";
					"sourceTree" = "<group>";
					"path" = "badlogic.jpg";
				};
			"D0661ABC43C84B30992EBFF2" =
				{
					"isa" = "PBXFileReference";
					"name" = "Info.plist";
					"explicitFileType" = "text.plist.info";
					"sourceTree" = "<group>";
					"path" = "Info.plist.xml";
				};
			"C1570E4313484AF2AD923D5C" =
				{
					"isa" = "PBXGroup";
					"children" =
						("D0661ABC43C84B30992EBFF2");
					"name" = "Supporting Files";
					"sourceTree" = "<absolute>";
					"path" = "/Users/eugeneshevchenko/Documents/Programming/Java/GameDev/LibGDX/myProj/singularis/ios";
				};
			"ED7D43451CAF4B1D8839A5BF" =
				{
					"isa" = "PBXFileReference";
					"name" = "Default-375w-667h@2x.png";
					"lastKnownFileType" = "image.png";
					"sourceTree" = "<group>";
					"path" = "Default-375w-667h@2x.png";
				};
			"586C5F8152DC488582C7AF1D" =
				{
					"isa" = "PBXFileReference";
					"name" = "Default-414w-736h@3x.png";
					"lastKnownFileType" = "image.png";
					"sourceTree" = "<group>";
					"path" = "Default-414w-736h@3x.png";
				};
			"ECCB5A20CFBA4A20BD0CC96A" =
				{
					"isa" = "PBXFileReference";
					"name" = "Default-568h@2x.png";
					"lastKnownFileType" = "image.png";
					"sourceTree" = "<group>";
					"path" = "Default-568h@2x.png";
				};
			"FBD6C5F575EA44E893DE443E" =
				{
					"isa" = "PBXFileReference";
					"name" = "Default.png";
					"lastKnownFileType" = "image.png";
					"sourceTree" = "<group>";
					"path" = "Default.png";
				};
			"D3AFDEA00EFE472AB6A4A009" =
				{
					"isa" = "PBXFileReference";
					"name" = "Default@2x.png";
					"lastKnownFileType" = "image.png";
					"sourceTree" = "<group>";
					"path" = "Default@2x.png";
				};
			"9C0ADEBCBCD44D4AB1469882" =
				{
					"isa" = "PBXFileReference";
					"name" = "Default@2x~ipad.png";
					"lastKnownFileType" = "image.png";
					"sourceTree" = "<group>";
					"path" = "Default@2x~ipad.png";
				};
			"A392C738F63D4D2D9E98515C" =
				{
					"isa" = "PBXFileReference";
					"name" = "Default~ipad.png";
					"lastKnownFileType" = "image.png";
					"sourceTree" = "<group>";
					"path" = "Default~ipad.png";
				};
			"9C3D23FC6979490CB92CB774" =
				{
					"isa" = "PBXFileReference";
					"name" = "Icon-72.png";
					"lastKnownFileType" = "image.png";
					"sourceTree" = "<group>";
					"path" = "Icon-72.png";
				};
			"5CEF6BAD002849529437D7D1" =
				{
					"isa" = "PBXFileReference";
					"name" = "Icon-72@2x.png";
					"lastKnownFileType" = "image.png";
					"sourceTree" = "<group>";
					"path" = "Icon-72@2x.png";
				};
			"BEE259CF89B2448C85A6BF89" =
				{
					"isa" = "PBXFileReference";
					"name" = "Icon.png";
					"lastKnownFileType" = "image.png";
					"sourceTree" = "<group>";
					"path" = "Icon.png";
				};
			"10AA65832B784652BC86A117" =
				{
					"isa" = "PBXFileReference";
					"name" = "Icon@2x.png";
					"lastKnownFileType" = "image.png";
					"sourceTree" = "<group>";
					"path" = "Icon@2x.png";
				};
		};
	"rootObject" = "100000000000000000000001";
}
